// !$*UTF8*$!
{
	archiveVersion = 1;
	classes = {
	};
	objectVersion = 46;
	objects = {

/* Begin PBXBuildFile section */
		DE9EA1871BAC51ED009F7837 /* AppDelegate.swift in Sources */ = {isa = PBXBuildFile; fileRef = DE9EA1861BAC51ED009F7837 /* AppDelegate.swift */; };
		DE9EA1891BAC51ED009F7837 /* ViewController.swift in Sources */ = {isa = PBXBuildFile; fileRef = DE9EA1881BAC51ED009F7837 /* ViewController.swift */; };
		DE9EA18C1BAC51ED009F7837 /* Main.storyboard in Resources */ = {isa = PBXBuildFile; fileRef = DE9EA18A1BAC51ED009F7837 /* Main.storyboard */; };
		DE9EA18E1BAC51ED009F7837 /* Assets.xcassets in Resources */ = {isa = PBXBuildFile; fileRef = DE9EA18D1BAC51ED009F7837 /* Assets.xcassets */; };
		DE9EA1911BAC51ED009F7837 /* LaunchScreen.storyboard in Resources */ = {isa = PBXBuildFile; fileRef = DE9EA18F1BAC51ED009F7837 /* LaunchScreen.storyboard */; };
/* End PBXBuildFile section */

/* Begin PBXFileReference section */
		DE9EA1831BAC51ED009F7837 /* FindAPrimeNumber.app */ = {isa = PBXFileReference; explicitFileType = wrapper.application; includeInIndex = 0; path = FindAPrimeNumber.app; sourceTree = BUILT_PRODUCTS_DIR; };
		DE9EA1861BAC51ED009F7837 /* AppDelegate.swift */ = {isa = PBXFileReference; lastKnownFileType = sourcecode.swift; path = AppDelegate.swift; sourceTree = "<group>"; };
		DE9EA1881BAC51ED009F7837 /* ViewController.swift */ = {isa = PBXFileReference; lastKnownFileType = sourcecode.swift; path = ViewController.swift; sourceTree = "<group>"; };
		DE9EA18B1BAC51ED009F7837 /* Base */ = {isa = PBXFileReference; lastKnownFileType = file.storyboard; name = Base; path = Base.lproj/Main.storyboard; sourceTree = "<group>"; };
		DE9EA18D1BAC51ED009F7837 /* Assets.xcassets */ = {isa = PBXFileReference; lastKnownFileType = folder.assetcatalog; path = Assets.xcassets; sourceTree = "<group>"; };
		DE9EA1901BAC51ED009F7837 /* Base */ = {isa = PBXFileReference; lastKnownFileType = file.storyboard; name = Base; path = Base.lproj/LaunchScreen.storyboard; sourceTree = "<group>"; };
		DE9EA1921BAC51ED009F7837 /* Info.plist */ = {isa = PBXFileReference; lastKnownFileType = text.plist.xml; path = Info.plist; sourceTree = "<group>"; };
/* End PBXFileReference section */

/* Begin PBXFrameworksBuildPhase section */
		DE9EA1801BAC51ED009F7837 /* Frameworks */ = {
			isa = PBXFrameworksBuildPhase;
			buildActionMask = 2147483647;
			files = (
			);
			runOnlyForDeploymentPostprocessing = 0;
		};
/* End PBXFrameworksBuildPhase section */

/* Begin PBXGroup section */
		DE9EA17A1BAC51ED009F7837 = {
			isa = PBXGroup;
			children = (
				DE9EA1851BAC51ED009F7837 /* FindAPrimeNumber */,
				DE9EA1841BAC51ED009F7837 /* Products */,
			);
			sourceTree = "<group>";
		};
		DE9EA1841BAC51ED009F7837 /* Products */ = {
			isa = PBXGroup;
			children = (
				DE9EA1831BAC51ED009F7837 /* FindAPrimeNumber.app */,
			);
			name = Products;
			sourceTree = "<group>";
		};
		DE9EA1851BAC51ED009F7837 /* FindAPrimeNumber */ = {
			isa = PBXGroup;
			children = (
				DE9EA1861BAC51ED009F7837 /* AppDelegate.swift */,
				DE9EA1881BAC51ED009F7837 /* ViewController.swift */,
				DE9EA18A1BAC51ED009F7837 /* Main.storyboard */,
				DE9EA18D1BAC51ED009F7837 /* Assets.xcassets */,
				DE9EA18F1BAC51ED009F7837 /* LaunchScreen.storyboard */,
				DE9EA1921BAC51ED009F7837 /* Info.plist */,
			);
			path = FindAPrimeNumber;
			sourceTree = "<group>";
		};
/* End PBXGroup section */

/* Begin PBXNativeTarget section */
		DE9EA1821BAC51ED009F7837 /* FindAPrimeNumber */ = {
			isa = PBXNativeTarget;
			buildConfigurationList = DE9EA1951BAC51ED009F7837 /* Build configuration list for PBXNativeTarget "FindAPrimeNumber" */;
			buildPhases = (
				DE9EA17F1BAC51ED009F7837 /* Sources */,
				DE9EA1801BAC51ED009F7837 /* Frameworks */,
				DE9EA1811BAC51ED009F7837 /* Resources */,
			);
			buildRules = (
			);
			dependencies = (
			);
			name = FindAPrimeNumber;
			productName = FindAPrimeNumber;
			productReference = DE9EA1831BAC51ED009F7837 /* FindAPrimeNumber.app */;
			productType = "com.apple.product-type.application";
		};
/* End PBXNativeTarget section */

/* Begin PBXProject section */
		DE9EA17B1BAC51ED009F7837 /* Project object */ = {
			isa = PBXProject;
			attributes = {
				LastUpgradeCheck = 0700;
				ORGANIZATIONNAME = HashRocket;
				TargetAttributes = {
					DE9EA1821BAC51ED009F7837 = {
						CreatedOnToolsVersion = 7.0;
					};
				};
			};
			buildConfigurationList = DE9EA17E1BAC51ED009F7837 /* Build configuration list for PBXProject "FindAPrimeNumber" */;
			compatibilityVersion = "Xcode 3.2";
			developmentRegion = English;
			hasScannedForEncodings = 0;
			knownRegions = (
				en,
				Base,
			);
			mainGroup = DE9EA17A1BAC51ED009F7837;
			productRefGroup = DE9EA1841BAC51ED009F7837 /* Products */;
			projectDirPath = "";
			projectRoot = "";
			targets = (
				DE9EA1821BAC51ED009F7837 /* FindAPrimeNumber */,
			);
		};
/* End PBXProject section */

/* Begin PBXResourcesBuildPhase section */
		DE9EA1811BAC51ED009F7837 /* Resources */ = {
			isa = PBXResourcesBuildPhase;
			buildActionMask = 2147483647;
			files = (
				DE9EA1911BAC51ED009F7837 /* LaunchScreen.storyboard in Resources */,
				DE9EA18E1BAC51ED009F7837 /* Assets.xcassets in Resources */,
				DE9EA18C1BAC51ED009F7837 /* Main.storyboard in Resources */,
			);
			runOnlyForDeploymentPostprocessing = 0;
		};
/* End PBXResourcesBuildPhase section */

/* Begin PBXSourcesBuildPhase section */
		DE9EA17F1BAC51ED009F7837 /* Sources */ = {
			isa = PBXSourcesBuildPhase;
			buildActionMask = 2147483647;
			files = (
				DE9EA1891BAC51ED009F7837 /* ViewController.swift in Sources */,
				DE9EA1871BAC51ED009F7837 /* AppDelegate.swift in Sources */,
			);
			runOnlyForDeploymentPostprocessing = 0;
		};
/* End PBXSourcesBuildPhase section */

/* Begin PBXVariantGroup section */
		DE9EA18A1BAC51ED009F7837 /* Main.storyboard */ = {
			isa = PBXVariantGroup;
			children = (
				DE9EA18B1BAC51ED009F7837 /* Base */,
			);
			name = Main.storyboard;
			sourceTree = "<group>";
		};
		DE9EA18F1BAC51ED009F7837 /* LaunchScreen.storyboard */ = {
			isa = PBXVariantGroup;
			children = (
				DE9EA1901BAC51ED009F7837 /* Base */,
			);
			name = LaunchScreen.storyboard;
			sourceTree = "<group>";
		};
/* End PBXVariantGroup section */

/* Begin XCBuildConfiguration section */
		DE9EA1931BAC51ED009F7837 /* Debug */ = {
			isa = XCBuildConfiguration;
			buildSettings = {
				ALWAYS_SEARCH_USER_PATHS = NO;
				CLANG_CXX_LANGUAGE_STANDARD = "gnu++0x";
				CLANG_CXX_LIBRARY = "libc++";
				CLANG_ENABLE_MODULES = YES;
				CLANG_ENABLE_OBJC_ARC = YES;
				CLANG_WARN_BOOL_CONVERSION = YES;
				CLANG_WARN_CONSTANT_CONVERSION = YES;
				CLANG_WARN_DIRECT_OBJC_ISA_USAGE = YES_ERROR;
				CLANG_WARN_EMPTY_BODY = YES;
				CLANG_WARN_ENUM_CONVERSION = YES;
				CLANG_WARN_INT_CONVERSION = YES;
				CLANG_WARN_OBJC_ROOT_CLASS = YES_ERROR;
				CLANG_WARN_UNREACHABLE_CODE = YES;
				CLANG_WARN__DUPLICATE_METHOD_MATCH = YES;
				"CODE_SIGN_IDENTITY[sdk=iphoneos*]" = "iPhone Developer";
				COPY_PHASE_STRIP = NO;
				DEBUG_INFORMATION_FORMAT = dwarf;
				ENABLE_STRICT_OBJC_MSGSEND = YES;
				ENABLE_TESTABILITY = YES;
				GCC_C_LANGUAGE_STANDARD = gnu99;
				GCC_DYNAMIC_NO_PIC = NO;
				GCC_NO_COMMON_BLOCKS = YES;
				GCC_OPTIMIZATION_LEVEL = 0;
				GCC_PREPROCESSOR_DEFINITIONS = (
					"DEBUG=1",
					"$(inherited)",
				);
				GCC_WARN_64_TO_32_BIT_CONVERSION = YES;
				GCC_WARN_ABOUT_RETURN_TYPE = YES_ERROR;
				GCC_WARN_UNDECLARED_SELECTOR = YES;
				GCC_WARN_UNINITIALIZED_AUTOS = YES_AGGRESSIVE;
				GCC_WARN_UNUSED_FUNCTION = YES;
				GCC_WARN_UNUSED_VARIABLE = YES;
				IPHONEOS_DEPLOYMENT_TARGET = 9.0;
				MTL_ENABLE_DEBUG_INFO = YES;
				ONLY_ACTIVE_ARCH = YES;
				SDKROOT = iphoneos;
				SWIFT_OPTIMIZATION_LEVEL = "-Onone";
			};
			name = Debug;
		};
		DE9EA1941BAC51ED009F7837 /* Release */ = {
			isa = XCBuildConfiguration;
			buildSettings = {
				ALWAYS_SEARCH_USER_PATHS = NO;
				CLANG_CXX_LANGUAGE_STANDARD = "gnu++0x";
				CLANG_CXX_LIBRARY = "libc++";
				CLANG_ENABLE_MODULES = YES;
				CLANG_ENABLE_OBJC_ARC = YES;
				CLANG_WARN_BOOL_CONVERSION = YES;
				CLANG_WARN_CONSTANT_CONVERSION = YES;
				CLANG_WARN_DIRECT_OBJC_ISA_USAGE = YES_ERROR;
				CLANG_WARN_EMPTY_BODY = YES;
				CLANG_WARN_ENUM_CONVERSION = YES;
				CLANG_WARN_INT_CONVERSION = YES;
				CLANG_WARN_OBJC_ROOT_CLASS = YES_ERROR;
				CLANG_WARN_UNREACHABLE_CODE = YES;
				CLANG_WARN__DUPLICATE_METHOD_MATCH = YES;
				"CODE_SIGN_IDENTITY[sdk=iphoneos*]" = "iPhone Developer";
				COPY_PHASE_STRIP = NO;
				DEBUG_INFORMATION_FORMAT = "dwarf-with-dsym";
				ENABLE_NS_ASSERTIONS = NO;
				ENABLE_STRICT_OBJC_MSGSEND = YES;
				GCC_C_LANGUAGE_STANDARD = gnu99;
				GCC_NO_COMMON_BLOCKS = YES;
				GCC_WARN_64_TO_32_BIT_CONVERSION = YES;
				GCC_WARN_ABOUT_RETURN_TYPE = YES_ERROR;
				GCC_WARN_UNDECLARED_SELECTOR = YES;
				GCC_WARN_UNINITIALIZED_AUTOS = YES_AGGRESSIVE;
				GCC_WARN_UNUSED_FUNCTION = YES;
				GCC_WARN_UNUSED_VARIABLE = YES;
				IPHONEOS_DEPLOYMENT_TARGET = 9.0;
				MTL_ENABLE_DEBUG_INFO = NO;
				SDKROOT = iphoneos;
				VALIDATE_PRODUCT = YES;
			};
			name = Release;
		};
		DE9EA1961BAC51ED009F7837 /* Debug */ = {
			isa = XCBuildConfiguration;
			buildSettings = {
				ASSETCATALOG_COMPILER_APPICON_NAME = AppIcon;
				INFOPLIST_FILE = FindAPrimeNumber/Info.plist;
				LD_RUNPATH_SEARCH_PATHS = "$(inherited) @executable_path/Frameworks";
				PRODUCT_BUNDLE_IDENTIFIER = "Open-Sky-Media--LLC.FindAPrimeNumber";
				PRODUCT_NAME = "$(TARGET_NAME)";
			};
			name = Debug;
		};
		DE9EA1971BAC51ED009F7837 /* Release */ = {
			isa = XCBuildConfiguration;
			buildSettings = {
				ASSETCATALOG_COMPILER_APPICON_NAME = AppIcon;
				INFOPLIST_FILE = FindAPrimeNumber/Info.plist;
				LD_RUNPATH_SEARCH_PATHS = "$(inherited) @executable_path/Frameworks";
				PRODUCT_BUNDLE_IDENTIFIER = "Open-Sky-Media--LLC.FindAPrimeNumber";
				PRODUCT_NAME = "$(TARGET_NAME)";
			};
			name = Release;
		};
/* End XCBuildConfiguration section */

/* Begin XCConfigurationList section */
		DE9EA17E1BAC51ED009F7837 /* Build configuration list for PBXProject "FindAPrimeNumber" */ = {
			isa = XCConfigurationList;
			buildConfigurations = (
				DE9EA1931BAC51ED009F7837 /* Debug */,
				DE9EA1941BAC51ED009F7837 /* Release */,
			);
			defaultConfigurationIsVisible = 0;
			defaultConfigurationName = Release;
		};
		DE9EA1951BAC51ED009F7837 /* Build configuration list for PBXNativeTarget "FindAPrimeNumber" */ = {
			isa = XCConfigurationList;
			buildConfigurations = (
				DE9EA1961BAC51ED009F7837 /* Debug */,
				DE9EA1971BAC51ED009F7837 /* Release */,
			);
			defaultConfigurationIsVisible = 0;
		};
/* End XCConfigurationList section */
	};
	rootObject = DE9EA17B1BAC51ED009F7837 /* Project object */;
}
